
Microsoft Visual Studio Solution File, Format Version 12.00
# Visual Studio 15
VisualStudioVersion = 15.0.27703.2026
MinimumVisualStudioVersion = 10.0.40219.1
Project("{2150E333-8FDC-42A3-9474-1A3956D46DE8}") = "HighConcurrentHandle", "HighConcurrentHandle", "{82C8EB91-D395-48D2-89E6-C48C8F1B5C4E}"
EndProject
Project("{2150E333-8FDC-42A3-9474-1A3956D46DE8}") = "Redis", "Redis", "{74B90815-8A9D-4268-B8FA-4E0920FA325D}"
EndProject
Project("{9A19103F-16F7-4668-BE54-9A1E7A4F7556}") = "RedisDemo", "RedisDemo\RedisDemo.csproj", "{F1746AAB-AA4D-4CEB-98A4-751778F48717}"
EndProject
Project("{2150E333-8FDC-42A3-9474-1A3956D46DE8}") = "DesignPatterns", "DesignPatterns", "{744DCB79-9850-4F75-8BBB-B597E0868A23}"
EndProject
Project("{2150E333-8FDC-42A3-9474-1A3956D46DE8}") = "CreatePatterns", "CreatePatterns", "{89A392E3-403B-4A0B-B030-25F0FC3F1C5C}"
EndProject
Project("{9A19103F-16F7-4668-BE54-9A1E7A4F7556}") = "AbstractFactoryPattern", "DesignPatterns\CreatePatterns\AbstractFactoryPattern\AbstractFactoryPattern.csproj", "{6045FE2C-2E0A-43E0-A008-0EE426AB3CC2}"
EndProject
Project("{2150E333-8FDC-42A3-9474-1A3956D46DE8}") = "StructurePatterns", "StructurePatterns", "{D37DCD51-5605-4D41-96E3-21BD46B5AF1C}"
EndProject
Project("{2150E333-8FDC-42A3-9474-1A3956D46DE8}") = "BehaviorPatterns", "BehaviorPatterns", "{FF0C31D8-8160-4192-89DE-1C3E5CDD1EC9}"
EndProject
Project("{9A19103F-16F7-4668-BE54-9A1E7A4F7556}") = "ObserverPattern", "DesignPatterns\BehaviorPatterns\ObserverPattern\ObserverPattern.csproj", "{484B9CE0-DA65-4388-BEA2-2EF6CB84CD46}"
EndProject
Project("{9A19103F-16F7-4668-BE54-9A1E7A4F7556}") = "ConcurrentCollectionExample", "HighConcurrentHandle\ConcurrentCollectionExample\ConcurrentCollectionExample.csproj", "{BD11899F-5C53-4212-AC3B-CD494FE93B78}"
EndProject
Project("{2150E333-8FDC-42A3-9474-1A3956D46DE8}") = "秒杀抢购", "秒杀抢购", "{62C62092-6051-4884-936B-022C30A8FC80}"
EndProject
Project("{9A19103F-16F7-4668-BE54-9A1E7A4F7556}") = "MqConsumer", "HighConcurrentHandle\秒杀抢购\MqConsumer\MqConsumer.csproj", "{06F6FBB2-9F01-4197-BA07-FA5C493EB760}"
EndProject
Project("{9A19103F-16F7-4668-BE54-9A1E7A4F7556}") = "WebApplication", "HighConcurrentHandle\秒杀抢购\WebApplication\WebApplication.csproj", "{890099FE-AD5A-41FD-97D4-ABD87518A6AF}"
EndProject
Global
	GlobalSection(SolutionConfigurationPlatforms) = preSolution
		Debug|Any CPU = Debug|Any CPU
		Release|Any CPU = Release|Any CPU
	EndGlobalSection
	GlobalSection(ProjectConfigurationPlatforms) = postSolution
		{F1746AAB-AA4D-4CEB-98A4-751778F48717}.Debug|Any CPU.ActiveCfg = Debug|Any CPU
		{F1746AAB-AA4D-4CEB-98A4-751778F48717}.Debug|Any CPU.Build.0 = Debug|Any CPU
		{F1746AAB-AA4D-4CEB-98A4-751778F48717}.Release|Any CPU.ActiveCfg = Release|Any CPU
		{F1746AAB-AA4D-4CEB-98A4-751778F48717}.Release|Any CPU.Build.0 = Release|Any CPU
		{6045FE2C-2E0A-43E0-A008-0EE426AB3CC2}.Debug|Any CPU.ActiveCfg = Debug|Any CPU
		{6045FE2C-2E0A-43E0-A008-0EE426AB3CC2}.Debug|Any CPU.Build.0 = Debug|Any CPU
		{6045FE2C-2E0A-43E0-A008-0EE426AB3CC2}.Release|Any CPU.ActiveCfg = Release|Any CPU
		{6045FE2C-2E0A-43E0-A008-0EE426AB3CC2}.Release|Any CPU.Build.0 = Release|Any CPU
		{484B9CE0-DA65-4388-BEA2-2EF6CB84CD46}.Debug|Any CPU.ActiveCfg = Debug|Any CPU
		{484B9CE0-DA65-4388-BEA2-2EF6CB84CD46}.Debug|Any CPU.Build.0 = Debug|Any CPU
		{484B9CE0-DA65-4388-BEA2-2EF6CB84CD46}.Release|Any CPU.ActiveCfg = Release|Any CPU
		{484B9CE0-DA65-4388-BEA2-2EF6CB84CD46}.Release|Any CPU.Build.0 = Release|Any CPU
		{BD11899F-5C53-4212-AC3B-CD494FE93B78}.Debug|Any CPU.ActiveCfg = Debug|Any CPU
		{BD11899F-5C53-4212-AC3B-CD494FE93B78}.Debug|Any CPU.Build.0 = Debug|Any CPU
		{BD11899F-5C53-4212-AC3B-CD494FE93B78}.Release|Any CPU.ActiveCfg = Release|Any CPU
		{BD11899F-5C53-4212-AC3B-CD494FE93B78}.Release|Any CPU.Build.0 = Release|Any CPU
		{06F6FBB2-9F01-4197-BA07-FA5C493EB760}.Debug|Any CPU.ActiveCfg = Debug|Any CPU
		{06F6FBB2-9F01-4197-BA07-FA5C493EB760}.Debug|Any CPU.Build.0 = Debug|Any CPU
		{06F6FBB2-9F01-4197-BA07-FA5C493EB760}.Release|Any CPU.ActiveCfg = Release|Any CPU
		{06F6FBB2-9F01-4197-BA07-FA5C493EB760}.Release|Any CPU.Build.0 = Release|Any CPU
		{890099FE-AD5A-41FD-97D4-ABD87518A6AF}.Debug|Any CPU.ActiveCfg = Debug|Any CPU
		{890099FE-AD5A-41FD-97D4-ABD87518A6AF}.Debug|Any CPU.Build.0 = Debug|Any CPU
		{890099FE-AD5A-41FD-97D4-ABD87518A6AF}.Release|Any CPU.ActiveCfg = Release|Any CPU
		{890099FE-AD5A-41FD-97D4-ABD87518A6AF}.Release|Any CPU.Build.0 = Release|Any CPU
	EndGlobalSection
	GlobalSection(SolutionProperties) = preSolution
		HideSolutionNode = FALSE
	EndGlobalSection
	GlobalSection(NestedProjects) = preSolution
		{F1746AAB-AA4D-4CEB-98A4-751778F48717} = {74B90815-8A9D-4268-B8FA-4E0920FA325D}
		{89A392E3-403B-4A0B-B030-25F0FC3F1C5C} = {744DCB79-9850-4F75-8BBB-B597E0868A23}
		{6045FE2C-2E0A-43E0-A008-0EE426AB3CC2} = {89A392E3-403B-4A0B-B030-25F0FC3F1C5C}
		{D37DCD51-5605-4D41-96E3-21BD46B5AF1C} = {744DCB79-9850-4F75-8BBB-B597E0868A23}
		{FF0C31D8-8160-4192-89DE-1C3E5CDD1EC9} = {744DCB79-9850-4F75-8BBB-B597E0868A23}
		{484B9CE0-DA65-4388-BEA2-2EF6CB84CD46} = {FF0C31D8-8160-4192-89DE-1C3E5CDD1EC9}
		{BD11899F-5C53-4212-AC3B-CD494FE93B78} = {82C8EB91-D395-48D2-89E6-C48C8F1B5C4E}
		{62C62092-6051-4884-936B-022C30A8FC80} = {82C8EB91-D395-48D2-89E6-C48C8F1B5C4E}
		{06F6FBB2-9F01-4197-BA07-FA5C493EB760} = {62C62092-6051-4884-936B-022C30A8FC80}
		{890099FE-AD5A-41FD-97D4-ABD87518A6AF} = {62C62092-6051-4884-936B-022C30A8FC80}
	EndGlobalSection
	GlobalSection(ExtensibilityGlobals) = postSolution
		SolutionGuid = {37A37B9D-EBD3-4354-B62F-F0ED9AB47C9D}
	EndGlobalSection
EndGlobal
